
Microsoft Visual Studio Solution File, Format Version 12.00
# Visual Studio Version 17
VisualStudioVersion = 17.6.33801.468
MinimumVisualStudioVersion = 10.0.40219.1
Project("{FAE04EC0-301F-11D3-BF4B-00C04F79EFBC}") = "scaleVolumeToHttp", "scaleVolumeToHttp\scaleVolumeToHttp.csproj", "{F1D6B978-CAA8-4D4F-AAB2-5261445659E7}"
EndProject
Global
	GlobalSection(SolutionConfigurationPlatforms) = preSolution
		Debug|Any CPU = Debug|Any CPU
		Release|Any CPU = Release|Any CPU
	EndGlobalSection
	GlobalSection(ProjectConfigurationPlatforms) = postSolution
		{F1D6B978-CAA8-4D4F-AAB2-5261445659E7}.Debug|Any CPU.ActiveCfg = Debug|Any CPU
		{F1D6B978-CAA8-4D4F-AAB2-5261445659E7}.Debug|Any CPU.Build.0 = Debug|Any CPU
		{F1D6B978-CAA8-4D4F-AAB2-5261445659E7}.Release|Any CPU.ActiveCfg = Release|Any CPU
		{F1D6B978-CAA8-4D4F-AAB2-5261445659E7}.Release|Any CPU.Build.0 = Release|Any CPU
	EndGlobalSection
	GlobalSection(SolutionProperties) = preSolution
		HideSolutionNode = FALSE
	EndGlobalSection
	GlobalSection(ExtensibilityGlobals) = postSolution
		SolutionGuid = {C89EAA64-DEC6-4C59-AF39-78010136813B}
	EndGlobalSection
EndGlobal
